
Microsoft Visual Studio Solution File, Format Version 12.00
# Visual Studio Version 17
VisualStudioVersion = 17.3.32922.545
MinimumVisualStudioVersion = 10.0.40219.1
Project("{FAE04EC0-301F-11D3-BF4B-00C04F79EFBC}") = "testGH", "testGH\testGH.csproj", "{B5785D75-6662-40D6-894D-24F6ED7737B2}"
EndProject
Global
	GlobalSection(SolutionConfigurationPlatforms) = preSolution
		Debug|Any CPU = Debug|Any CPU
		Release|Any CPU = Release|Any CPU
	EndGlobalSection
	GlobalSection(ProjectConfigurationPlatforms) = postSolution
		{B5785D75-6662-40D6-894D-24F6ED7737B2}.Debug|Any CPU.ActiveCfg = Debug|Any CPU
		{B5785D75-6662-40D6-894D-24F6ED7737B2}.Debug|Any CPU.Build.0 = Debug|Any CPU
		{B5785D75-6662-40D6-894D-24F6ED7737B2}.Release|Any CPU.ActiveCfg = Release|Any CPU
		{B5785D75-6662-40D6-894D-24F6ED7737B2}.Release|Any CPU.Build.0 = Release|Any CPU
	EndGlobalSection
	GlobalSection(SolutionProperties) = preSolution
		HideSolutionNode = FALSE
	EndGlobalSection
	GlobalSection(ExtensibilityGlobals) = postSolution
		SolutionGuid = {0DA9FF8B-4D44-4A39-8109-12AA256D268F}
	EndGlobalSection
EndGlobal
